
Microsoft Visual Studio Solution File, Format Version 12.00
# Visual Studio 14
VisualStudioVersion = 14.0.25420.1
MinimumVisualStudioVersion = 10.0.40219.1
Project("{2150E333-8FDC-42A3-9474-1A3956D46DE8}") = "src", "src", "{11C83A3C-C00A-4C57-A72F-E40D800DD6B1}"
EndProject
Project("{2150E333-8FDC-42A3-9474-1A3956D46DE8}") = "Solution Items", "Solution Items", "{91FB4562-492B-4D0F-A322-754B880D7225}"
	ProjectSection(SolutionItems) = preProject
		global.json = global.json
	EndProjectSection
EndProject
Project("{8BB2217D-0F2D-49D1-97BC-3654ED321F3B}") = "DienstenCheques", "src\DienstenCheques\DienstenCheques.xproj", "{0A37C394-7C16-42FB-BA45-5FB54D09E93A}"
EndProject
Project("{2150E333-8FDC-42A3-9474-1A3956D46DE8}") = "tests", "tests", "{EF4AB4E2-D098-469A-A041-B6181CCDE537}"
EndProject
Project("{8BB2217D-0F2D-49D1-97BC-3654ED321F3B}") = "DienstenCheques.Tests", "tests\DienstenCheques.Tests\DienstenCheques.Tests.xproj", "{BC8AA8C5-E5F0-4FDD-BF79-B757174165CA}"
EndProject
Global
	GlobalSection(SolutionConfigurationPlatforms) = preSolution
		Debug|Any CPU = Debug|Any CPU
		Release|Any CPU = Release|Any CPU
	EndGlobalSection
	GlobalSection(ProjectConfigurationPlatforms) = postSolution
		{0A37C394-7C16-42FB-BA45-5FB54D09E93A}.Debug|Any CPU.ActiveCfg = Debug|Any CPU
		{0A37C394-7C16-42FB-BA45-5FB54D09E93A}.Debug|Any CPU.Build.0 = Debug|Any CPU
		{0A37C394-7C16-42FB-BA45-5FB54D09E93A}.Release|Any CPU.ActiveCfg = Release|Any CPU
		{0A37C394-7C16-42FB-BA45-5FB54D09E93A}.Release|Any CPU.Build.0 = Release|Any CPU
		{BC8AA8C5-E5F0-4FDD-BF79-B757174165CA}.Debug|Any CPU.ActiveCfg = Debug|Any CPU
		{BC8AA8C5-E5F0-4FDD-BF79-B757174165CA}.Debug|Any CPU.Build.0 = Debug|Any CPU
		{BC8AA8C5-E5F0-4FDD-BF79-B757174165CA}.Release|Any CPU.ActiveCfg = Release|Any CPU
		{BC8AA8C5-E5F0-4FDD-BF79-B757174165CA}.Release|Any CPU.Build.0 = Release|Any CPU
	EndGlobalSection
	GlobalSection(SolutionProperties) = preSolution
		HideSolutionNode = FALSE
	EndGlobalSection
	GlobalSection(NestedProjects) = preSolution
		{0A37C394-7C16-42FB-BA45-5FB54D09E93A} = {11C83A3C-C00A-4C57-A72F-E40D800DD6B1}
		{BC8AA8C5-E5F0-4FDD-BF79-B757174165CA} = {EF4AB4E2-D098-469A-A041-B6181CCDE537}
	EndGlobalSection
EndGlobal
